PODS:
  - MarkdownView (1.1.0)
  - Nimble (7.0.3)
  - Quick (1.2.0)
  - ReactiveCocoa (7.0.1):
    - ReactiveSwift (~> 3.0)
  - ReactiveSwift (3.1.0):
    - Result (~> 3.2)
  - Result (3.2.4)
  - WebLinking (2.0.0)

DEPENDENCIES:
  - MarkdownView
  - Nimble (from `https://github.com/Quick/Nimble.git`, branch `master`)
  - Quick (from `https://github.com/Quick/Quick.git`, branch `master`)
  - ReactiveCocoa (~> 7.0)
  - WebLinking

EXTERNAL SOURCES:
  Nimble:
    :branch: master
    :git: https://github.com/Quick/Nimble.git
  Quick:
    :branch: master
    :git: https://github.com/Quick/Quick.git

CHECKOUT OPTIONS:
  Nimble:
    :commit: 302a61803a73377e01b096a11041c9c084d099f1
    :git: https://github.com/Quick/Nimble.git
  Quick:
    :commit: b172e8ad90fba4d21b4059297e047376939d5ca7
    :git: https://github.com/Quick/Quick.git

SPEC CHECKSUMS:
  MarkdownView: 80db8e9a27a6c6cc22615e644e3e85c06065bab7
  Nimble: 6254fec7d02791c7dc33722d799f2a951dd147c1
  Quick: 65081c7ab6eb85f9b65dbecbaf88793ce9ce47bc
  ReactiveCocoa: a1b5d502d0d1534f9a72981a485b297b17127f83
  ReactiveSwift: 5b26d2e988fe0eed2daf48c4054d1de74db50184
  Result: d2d07204ce72856f1fd9130bbe42c35a7b0fea10
  WebLinking: b476999d59f78bd6649e6754d60693a7d147b00c

PODFILE CHECKSUM: 048243dd4550455eb4a34d01ce229ffa0e2b8dba

COCOAPODS: 1.3.1
